
Microsoft Visual Studio Solution File, Format Version 12.00
# Visual Studio Version 16
VisualStudioVersion = 16.0.31624.102
MinimumVisualStudioVersion = 10.0.40219.1
Project("{FAE04EC0-301F-11D3-BF4B-00C04F79EFBC}") = "CG_lab_1", "CG_lab_1\CG_lab_1.csproj", "{3A216295-FE9D-43F4-899C-BC7A0A43DD67}"
EndProject
Global
	GlobalSection(SolutionConfigurationPlatforms) = preSolution
		Debug|Any CPU = Debug|Any CPU
		Release|Any CPU = Release|Any CPU
	EndGlobalSection
	GlobalSection(ProjectConfigurationPlatforms) = postSolution
		{3A216295-FE9D-43F4-899C-BC7A0A43DD67}.Debug|Any CPU.ActiveCfg = Debug|Any CPU
		{3A216295-FE9D-43F4-899C-BC7A0A43DD67}.Debug|Any CPU.Build.0 = Debug|Any CPU
		{3A216295-FE9D-43F4-899C-BC7A0A43DD67}.Release|Any CPU.ActiveCfg = Release|Any CPU
		{3A216295-FE9D-43F4-899C-BC7A0A43DD67}.Release|Any CPU.Build.0 = Release|Any CPU
	EndGlobalSection
	GlobalSection(SolutionProperties) = preSolution
		HideSolutionNode = FALSE
	EndGlobalSection
	GlobalSection(ExtensibilityGlobals) = postSolution
		SolutionGuid = {CFA02BF0-CD47-41BA-AF9C-5C75FF16BB4D}
	EndGlobalSection
EndGlobal
